PODS:
  - Reusable (4.1.2):
    - Reusable/Storyboard (= 4.1.2)
    - Reusable/View (= 4.1.2)
  - Reusable/Storyboard (4.1.2)
  - Reusable/View (4.1.2)
  - SnapKit (5.0.1)
  - Then (2.7.0)

DEPENDENCIES:
  - Reusable
  - SnapKit
  - Then

SPEC REPOS:
  trunk:
    - Reusable
    - SnapKit
    - Then

SPEC CHECKSUMS:
  Reusable: 6bae6a5e8aa793c9c441db0213c863a64bce9136
  SnapKit: 97b92857e3df3a0c71833cce143274bf6ef8e5eb
  Then: acfe0be7e98221c6204e12f8161459606d5d822d

PODFILE CHECKSUM: d4eff0e62b4ca8e011e508a4752f240914bd086b

COCOAPODS: 1.11.2
