// !$*UTF8*$!
{
	archiveVersion = 1;
	classes = {
	};
	objectVersion = 55;
	objects = {

/* Begin PBXBuildFile section */
		4A92A089279195B3008F6642 /* AppDelegate.swift in Sources */ = {isa = PBXBuildFile; fileRef = 4A92A088279195B3008F6642 /* AppDelegate.swift */; };
		4A92A08B279195B3008F6642 /* SceneDelegate.swift in Sources */ = {isa = PBXBuildFile; fileRef = 4A92A08A279195B3008F6642 /* SceneDelegate.swift */; };
		4A92A08D279195B3008F6642 /* ViewController.swift in Sources */ = {isa = PBXBuildFile; fileRef = 4A92A08C279195B3008F6642 /* ViewController.swift */; };
		4A92A090279195B3008F6642 /* Main.storyboard in Resources */ = {isa = PBXBuildFile; fileRef = 4A92A08E279195B3008F6642 /* Main.storyboard */; };
		4A92A092279195B4008F6642 /* Assets.xcassets in Resources */ = {isa = PBXBuildFile; fileRef = 4A92A091279195B4008F6642 /* Assets.xcassets */; };
		4A92A095279195B4008F6642 /* LaunchScreen.storyboard in Resources */ = {isa = PBXBuildFile; fileRef = 4A92A093279195B4008F6642 /* LaunchScreen.storyboard */; };
		4A92A09D27919689008F6642 /* DragDropCollectionView.swift in Sources */ = {isa = PBXBuildFile; fileRef = 4A92A09C27919689008F6642 /* DragDropCollectionView.swift */; };
		4A92A09F279199CB008F6642 /* MyCell.swift in Sources */ = {isa = PBXBuildFile; fileRef = 4A92A09E279199CB008F6642 /* MyCell.swift */; };
		4A92A0A127919A53008F6642 /* Mock.swift in Sources */ = {isa = PBXBuildFile; fileRef = 4A92A0A027919A53008F6642 /* Mock.swift */; };
		4A92A0A327919F95008F6642 /* MyView.swift in Sources */ = {isa = PBXBuildFile; fileRef = 4A92A0A227919F95008F6642 /* MyView.swift */; };
		D74F5BDDD2B079D230D89861 /* Pods_ExDragDropCollectionView.framework in Frameworks */ = {isa = PBXBuildFile; fileRef = F9CD120E372D43276EE81783 /* Pods_ExDragDropCollectionView.framework */; };
/* End PBXBuildFile section */

/* Begin PBXFileReference section */
		10E8E4ED36C8C46D9937C311 /* Pods-ExDragDropCollectionView.release.xcconfig */ = {isa = PBXFileReference; includeInIndex = 1; lastKnownFileType = text.xcconfig; name = "Pods-ExDragDropCollectionView.release.xcconfig"; path = "Target Support Files/Pods-ExDragDropCollectionView/Pods-ExDragDropCollectionView.release.xcconfig"; sourceTree = "<group>"; };
		338CA641213DA2DB999A04D0 /* Pods-ExDragDropCollectionView.debug.xcconfig */ = {isa = PBXFileReference; includeInIndex = 1; lastKnownFileType = text.xcconfig; name = "Pods-ExDragDropCollectionView.debug.xcconfig"; path = "Target Support Files/Pods-ExDragDropCollectionView/Pods-ExDragDropCollectionView.debug.xcconfig"; sourceTree = "<group>"; };
		4A92A085279195B3008F6642 /* ExDragDropCollectionView.app */ = {isa = PBXFileReference; explicitFileType = wrapper.application; includeInIndex = 0; path = ExDragDropCollectionView.app; sourceTree = BUILT_PRODUCTS_DIR; };
		4A92A088279195B3008F6642 /* AppDelegate.swift */ = {isa = PBXFileReference; lastKnownFileType = sourcecode.swift; path = AppDelegate.swift; sourceTree = "<group>"; };
		4A92A08A279195B3008F6642 /* SceneDelegate.swift */ = {isa = PBXFileReference; lastKnownFileType = sourcecode.swift; path = SceneDelegate.swift; sourceTree = "<group>"; };
		4A92A08C279195B3008F6642 /* ViewController.swift */ = {isa = PBXFileReference; lastKnownFileType = sourcecode.swift; path = ViewController.swift; sourceTree = "<group>"; };
		4A92A08F279195B3008F6642 /* Base */ = {isa = PBXFileReference; lastKnownFileType = file.storyboard; name = Base; path = Base.lproj/Main.storyboard; sourceTree = "<group>"; };
		4A92A091279195B4008F6642 /* Assets.xcassets */ = {isa = PBXFileReference; lastKnownFileType = folder.assetcatalog; path = Assets.xcassets; sourceTree = "<group>"; };
		4A92A094279195B4008F6642 /* Base */ = {isa = PBXFileReference; lastKnownFileType = file.storyboard; name = Base; path = Base.lproj/LaunchScreen.storyboard; sourceTree = "<group>"; };
		4A92A096279195B4008F6642 /* Info.plist */ = {isa = PBXFileReference; lastKnownFileType = text.plist.xml; path = Info.plist; sourceTree = "<group>"; };
		4A92A09C27919689008F6642 /* DragDropCollectionView.swift */ = {isa = PBXFileReference; lastKnownFileType = sourcecode.swift; path = DragDropCollectionView.swift; sourceTree = "<group>"; };
		4A92A09E279199CB008F6642 /* MyCell.swift */ = {isa = PBXFileReference; lastKnownFileType = sourcecode.swift; path = MyCell.swift; sourceTree = "<group>"; };
		4A92A0A027919A53008F6642 /* Mock.swift */ = {isa = PBXFileReference; lastKnownFileType = sourcecode.swift; path = Mock.swift; sourceTree = "<group>"; };
		4A92A0A227919F95008F6642 /* MyView.swift */ = {isa = PBXFileReference; lastKnownFileType = sourcecode.swift; path = MyView.swift; sourceTree = "<group>"; };
		F9CD120E372D43276EE81783 /* Pods_ExDragDropCollectionView.framework */ = {isa = PBXFileReference; explicitFileType = wrapper.framework; includeInIndex = 0; path = Pods_ExDragDropCollectionView.framework; sourceTree = BUILT_PRODUCTS_DIR; };
/* End PBXFileReference section */

/* Begin PBXFrameworksBuildPhase section */
		4A92A082279195B3008F6642 /* Frameworks */ = {
			isa = PBXFrameworksBuildPhase;
			buildActionMask = 2147483647;
			files = (
				D74F5BDDD2B079D230D89861 /* Pods_ExDragDropCollectionView.framework in Frameworks */,
			);
			runOnlyForDeploymentPostprocessing = 0;
		};
/* End PBXFrameworksBuildPhase section */

/* Begin PBXGroup section */
		27A1392346AC394DAC782B58 /* Frameworks */ = {
			isa = PBXGroup;
			children = (
				F9CD120E372D43276EE81783 /* Pods_ExDragDropCollectionView.framework */,
			);
			name = Frameworks;
			sourceTree = "<group>";
		};
		35037D63C2610E0F30022134 /* Pods */ = {
			isa = PBXGroup;
			children = (
				338CA641213DA2DB999A04D0 /* Pods-ExDragDropCollectionView.debug.xcconfig */,
				10E8E4ED36C8C46D9937C311 /* Pods-ExDragDropCollectionView.release.xcconfig */,
			);
			path = Pods;
			sourceTree = "<group>";
		};
		4A92A07C279195B3008F6642 = {
			isa = PBXGroup;
			children = (
				4A92A087279195B3008F6642 /* ExDragDropCollectionView */,
				4A92A086279195B3008F6642 /* Products */,
				35037D63C2610E0F30022134 /* Pods */,
				27A1392346AC394DAC782B58 /* Frameworks */,
			);
			sourceTree = "<group>";
		};
		4A92A086279195B3008F6642 /* Products */ = {
			isa = PBXGroup;
			children = (
				4A92A085279195B3008F6642 /* ExDragDropCollectionView.app */,
			);
			name = Products;
			sourceTree = "<group>";
		};
		4A92A087279195B3008F6642 /* ExDragDropCollectionView */ = {
			isa = PBXGroup;
			children = (
				4A92A088279195B3008F6642 /* AppDelegate.swift */,
				4A92A08A279195B3008F6642 /* SceneDelegate.swift */,
				4A92A08C279195B3008F6642 /* ViewController.swift */,
				4A92A0A227919F95008F6642 /* MyView.swift */,
				4A92A0A027919A53008F6642 /* Mock.swift */,
				4A92A09C27919689008F6642 /* DragDropCollectionView.swift */,
				4A92A09E279199CB008F6642 /* MyCell.swift */,
				4A92A08E279195B3008F6642 /* Main.storyboard */,
				4A92A091279195B4008F6642 /* Assets.xcassets */,
				4A92A093279195B4008F6642 /* LaunchScreen.storyboard */,
				4A92A096279195B4008F6642 /* Info.plist */,
			);
			path = ExDragDropCollectionView;
			sourceTree = "<group>";
		};
/* End PBXGroup section */

/* Begin PBXNativeTarget section */
		4A92A084279195B3008F6642 /* ExDragDropCollectionView */ = {
			isa = PBXNativeTarget;
			buildConfigurationList = 4A92A099279195B4008F6642 /* Build configuration list for PBXNativeTarget "ExDragDropCollectionView" */;
			buildPhases = (
				25070872983D06E9C3322413 /* [CP] Check Pods Manifest.lock */,
				4A92A081279195B3008F6642 /* Sources */,
				4A92A082279195B3008F6642 /* Frameworks */,
				4A92A083279195B3008F6642 /* Resources */,
				2F4CEB175B3C0018BE2D1208 /* [CP] Embed Pods Frameworks */,
			);
			buildRules = (
			);
			dependencies = (
			);
			name = ExDragDropCollectionView;
			productName = ExDragDropCollectionView;
			productReference = 4A92A085279195B3008F6642 /* ExDragDropCollectionView.app */;
			productType = "com.apple.product-type.application";
		};
/* End PBXNativeTarget section */

/* Begin PBXProject section */
		4A92A07D279195B3008F6642 /* Project object */ = {
			isa = PBXProject;
			attributes = {
				BuildIndependentTargetsInParallel = 1;
				LastSwiftUpdateCheck = 1310;
				LastUpgradeCheck = 1310;
				TargetAttributes = {
					4A92A084279195B3008F6642 = {
						CreatedOnToolsVersion = 13.1;
					};
				};
			};
			buildConfigurationList = 4A92A080279195B3008F6642 /* Build configuration list for PBXProject "ExDragDropCollectionView" */;
			compatibilityVersion = "Xcode 13.0";
			developmentRegion = en;
			hasScannedForEncodings = 0;
			knownRegions = (
				en,
				Base,
			);
			mainGroup = 4A92A07C279195B3008F6642;
			productRefGroup = 4A92A086279195B3008F6642 /* Products */;
			projectDirPath = "";
			projectRoot = "";
			targets = (
				4A92A084279195B3008F6642 /* ExDragDropCollectionView */,
			);
		};
/* End PBXProject section */

/* Begin PBXResourcesBuildPhase section */
		4A92A083279195B3008F6642 /* Resources */ = {
			isa = PBXResourcesBuildPhase;
			buildActionMask = 2147483647;
			files = (
				4A92A095279195B4008F6642 /* LaunchScreen.storyboard in Resources */,
				4A92A092279195B4008F6642 /* Assets.xcassets in Resources */,
				4A92A090279195B3008F6642 /* Main.storyboard in Resources */,
			);
			runOnlyForDeploymentPostprocessing = 0;
		};
/* End PBXResourcesBuildPhase section */

/* Begin PBXShellScriptBuildPhase section */
		25070872983D06E9C3322413 /* [CP] Check Pods Manifest.lock */ = {
			isa = PBXShellScriptBuildPhase;
			buildActionMask = 2147483647;
			files = (
			);
			inputFileListPaths = (
			);
			inputPaths = (
				"${PODS_PODFILE_DIR_PATH}/Podfile.lock",
				"${PODS_ROOT}/Manifest.lock",
			);
			name = "[CP] Check Pods Manifest.lock";
			outputFileListPaths = (
			);
			outputPaths = (
				"$(DERIVED_FILE_DIR)/Pods-ExDragDropCollectionView-checkManifestLockResult.txt",
			);
			runOnlyForDeploymentPostprocessing = 0;
			shellPath = /bin/sh;
			shellScript = "diff \"${PODS_PODFILE_DIR_PATH}/Podfile.lock\" \"${PODS_ROOT}/Manifest.lock\" > /dev/null\nif [ $? != 0 ] ; then\n    # print error to STDERR\n    echo \"error: The sandbox is not in sync with the Podfile.lock. Run 'pod install' or update your CocoaPods installation.\" >&2\n    exit 1\nfi\n# This output is used by Xcode 'outputs' to avoid re-running this script phase.\necho \"SUCCESS\" > \"${SCRIPT_OUTPUT_FILE_0}\"\n";
			showEnvVarsInLog = 0;
		};
		2F4CEB175B3C0018BE2D1208 /* [CP] Embed Pods Frameworks */ = {
			isa = PBXShellScriptBuildPhase;
			buildActionMask = 2147483647;
			files = (
			);
			inputFileListPaths = (
				"${PODS_ROOT}/Target Support Files/Pods-ExDragDropCollectionView/Pods-ExDragDropCollectionView-frameworks-${CONFIGURATION}-input-files.xcfilelist",
			);
			name = "[CP] Embed Pods Frameworks";
			outputFileListPaths = (
				"${PODS_ROOT}/Target Support Files/Pods-ExDragDropCollectionView/Pods-ExDragDropCollectionView-frameworks-${CONFIGURATION}-output-files.xcfilelist",
			);
			runOnlyForDeploymentPostprocessing = 0;
			shellPath = /bin/sh;
			shellScript = "\"${PODS_ROOT}/Target Support Files/Pods-ExDragDropCollectionView/Pods-ExDragDropCollectionView-frameworks.sh\"\n";
			showEnvVarsInLog = 0;
		};
/* End PBXShellScriptBuildPhase section */

/* Begin PBXSourcesBuildPhase section */
		4A92A081279195B3008F6642 /* Sources */ = {
			isa = PBXSourcesBuildPhase;
			buildActionMask = 2147483647;
			files = (
				4A92A0A327919F95008F6642 /* MyView.swift in Sources */,
				4A92A08D279195B3008F6642 /* ViewController.swift in Sources */,
				4A92A09F279199CB008F6642 /* MyCell.swift in Sources */,
				4A92A09D27919689008F6642 /* DragDropCollectionView.swift in Sources */,
				4A92A089279195B3008F6642 /* AppDelegate.swift in Sources */,
				4A92A08B279195B3008F6642 /* SceneDelegate.swift in Sources */,
				4A92A0A127919A53008F6642 /* Mock.swift in Sources */,
			);
			runOnlyForDeploymentPostprocessing = 0;
		};
/* End PBXSourcesBuildPhase section */

/* Begin PBXVariantGroup section */
		4A92A08E279195B3008F6642 /* Main.storyboard */ = {
			isa = PBXVariantGroup;
			children = (
				4A92A08F279195B3008F6642 /* Base */,
			);
			name = Main.storyboard;
			sourceTree = "<group>";
		};
		4A92A093279195B4008F6642 /* LaunchScreen.storyboard */ = {
			isa = PBXVariantGroup;
			children = (
				4A92A094279195B4008F6642 /* Base */,
			);
			name = LaunchScreen.storyboard;
			sourceTree = "<group>";
		};
/* End PBXVariantGroup section */

/* Begin XCBuildConfiguration section */
		4A92A097279195B4008F6642 /* Debug */ = {
			isa = XCBuildConfiguration;
			buildSettings = {
				ALWAYS_SEARCH_USER_PATHS = NO;
				CLANG_ANALYZER_NONNULL = YES;
				CLANG_ANALYZER_NUMBER_OBJECT_CONVERSION = YES_AGGRESSIVE;
				CLANG_CXX_LANGUAGE_STANDARD = "gnu++17";
				CLANG_CXX_LIBRARY = "libc++";
				CLANG_ENABLE_MODULES = YES;
				CLANG_ENABLE_OBJC_ARC = YES;
				CLANG_ENABLE_OBJC_WEAK = YES;
				CLANG_WARN_BLOCK_CAPTURE_AUTORELEASING = YES;
				CLANG_WARN_BOOL_CONVERSION = YES;
				CLANG_WARN_COMMA = YES;
				CLANG_WARN_CONSTANT_CONVERSION = YES;
				CLANG_WARN_DEPRECATED_OBJC_IMPLEMENTATIONS = YES;
				CLANG_WARN_DIRECT_OBJC_ISA_USAGE = YES_ERROR;
				CLANG_WARN_DOCUMENTATION_COMMENTS = YES;
				CLANG_WARN_EMPTY_BODY = YES;
				CLANG_WARN_ENUM_CONVERSION = YES;
				CLANG_WARN_INFINITE_RECURSION = YES;
				CLANG_WARN_INT_CONVERSION = YES;
				CLANG_WARN_NON_LITERAL_NULL_CONVERSION = YES;
				CLANG_WARN_OBJC_IMPLICIT_RETAIN_SELF = YES;
				CLANG_WARN_OBJC_LITERAL_CONVERSION = YES;
				CLANG_WARN_OBJC_ROOT_CLASS = YES_ERROR;
				CLANG_WARN_QUOTED_INCLUDE_IN_FRAMEWORK_HEADER = YES;
				CLANG_WARN_RANGE_LOOP_ANALYSIS = YES;
				CLANG_WARN_STRICT_PROTOTYPES = YES;
				CLANG_WARN_SUSPICIOUS_MOVE = YES;
				CLANG_WARN_UNGUARDED_AVAILABILITY = YES_AGGRESSIVE;
				CLANG_WARN_UNREACHABLE_CODE = YES;
				CLANG_WARN__DUPLICATE_METHOD_MATCH = YES;
				COPY_PHASE_STRIP = NO;
				DEBUG_INFORMATION_FORMAT = dwarf;
				ENABLE_STRICT_OBJC_MSGSEND = YES;
				ENABLE_TESTABILITY = YES;
				GCC_C_LANGUAGE_STANDARD = gnu11;
				GCC_DYNAMIC_NO_PIC = NO;
				GCC_NO_COMMON_BLOCKS = YES;
				GCC_OPTIMIZATION_LEVEL = 0;
				GCC_PREPROCESSOR_DEFINITIONS = (
					"DEBUG=1",
					"$(inherited)",
				);
				GCC_WARN_64_TO_32_BIT_CONVERSION = YES;
				GCC_WARN_ABOUT_RETURN_TYPE = YES_ERROR;
				GCC_WARN_UNDECLARED_SELECTOR = YES;
				GCC_WARN_UNINITIALIZED_AUTOS = YES_AGGRESSIVE;
				GCC_WARN_UNUSED_FUNCTION = YES;
				GCC_WARN_UNUSED_VARIABLE = YES;
				IPHONEOS_DEPLOYMENT_TARGET = 15.0;
				MTL_ENABLE_DEBUG_INFO = INCLUDE_SOURCE;
				MTL_FAST_MATH = YES;
				ONLY_ACTIVE_ARCH = YES;
				SDKROOT = iphoneos;
				SWIFT_ACTIVE_COMPILATION_CONDITIONS = DEBUG;
				SWIFT_OPTIMIZATION_LEVEL = "-Onone";
			};
			name = Debug;
		};
		4A92A098279195B4008F6642 /* Release */ = {
			isa = XCBuildConfiguration;
			buildSettings = {
				ALWAYS_SEARCH_USER_PATHS = NO;
				CLANG_ANALYZER_NONNULL = YES;
				CLANG_ANALYZER_NUMBER_OBJECT_CONVERSION = YES_AGGRESSIVE;
				CLANG_CXX_LANGUAGE_STANDARD = "gnu++17";
				CLANG_CXX_LIBRARY = "libc++";
				CLANG_ENABLE_MODULES = YES;
				CLANG_ENABLE_OBJC_ARC = YES;
				CLANG_ENABLE_OBJC_WEAK = YES;
				CLANG_WARN_BLOCK_CAPTURE_AUTORELEASING = YES;
				CLANG_WARN_BOOL_CONVERSION = YES;
				CLANG_WARN_COMMA = YES;
				CLANG_WARN_CONSTANT_CONVERSION = YES;
				CLANG_WARN_DEPRECATED_OBJC_IMPLEMENTATIONS = YES;
				CLANG_WARN_DIRECT_OBJC_ISA_USAGE = YES_ERROR;
				CLANG_WARN_DOCUMENTATION_COMMENTS = YES;
				CLANG_WARN_EMPTY_BODY = YES;
				CLANG_WARN_ENUM_CONVERSION = YES;
				CLANG_WARN_INFINITE_RECURSION = YES;
				CLANG_WARN_INT_CONVERSION = YES;
				CLANG_WARN_NON_LITERAL_NULL_CONVERSION = YES;
				CLANG_WARN_OBJC_IMPLICIT_RETAIN_SELF = YES;
				CLANG_WARN_OBJC_LITERAL_CONVERSION = YES;
				CLANG_WARN_OBJC_ROOT_CLASS = YES_ERROR;
				CLANG_WARN_QUOTED_INCLUDE_IN_FRAMEWORK_HEADER = YES;
				CLANG_WARN_RANGE_LOOP_ANALYSIS = YES;
				CLANG_WARN_STRICT_PROTOTYPES = YES;
				CLANG_WARN_SUSPICIOUS_MOVE = YES;
				CLANG_WARN_UNGUARDED_AVAILABILITY = YES_AGGRESSIVE;
				CLANG_WARN_UNREACHABLE_CODE = YES;
				CLANG_WARN__DUPLICATE_METHOD_MATCH = YES;
				COPY_PHASE_STRIP = NO;
				DEBUG_INFORMATION_FORMAT = "dwarf-with-dsym";
				ENABLE_NS_ASSERTIONS = NO;
				ENABLE_STRICT_OBJC_MSGSEND = YES;
				GCC_C_LANGUAGE_STANDARD = gnu11;
				GCC_NO_COMMON_BLOCKS = YES;
				GCC_WARN_64_TO_32_BIT_CONVERSION = YES;
				GCC_WARN_ABOUT_RETURN_TYPE = YES_ERROR;
				GCC_WARN_UNDECLARED_SELECTOR = YES;
				GCC_WARN_UNINITIALIZED_AUTOS = YES_AGGRESSIVE;
				GCC_WARN_UNUSED_FUNCTION = YES;
				GCC_WARN_UNUSED_VARIABLE = YES;
				IPHONEOS_DEPLOYMENT_TARGET = 15.0;
				MTL_ENABLE_DEBUG_INFO = NO;
				MTL_FAST_MATH = YES;
				SDKROOT = iphoneos;
				SWIFT_COMPILATION_MODE = wholemodule;
				SWIFT_OPTIMIZATION_LEVEL = "-O";
				VALIDATE_PRODUCT = YES;
			};
			name = Release;
		};
		4A92A09A279195B4008F6642 /* Debug */ = {
			isa = XCBuildConfiguration;
			baseConfigurationReference = 338CA641213DA2DB999A04D0 /* Pods-ExDragDropCollectionView.debug.xcconfig */;
			buildSettings = {
				ASSETCATALOG_COMPILER_APPICON_NAME = AppIcon;
				ASSETCATALOG_COMPILER_GLOBAL_ACCENT_COLOR_NAME = AccentColor;
				CODE_SIGN_STYLE = Automatic;
				CURRENT_PROJECT_VERSION = 1;
				DEVELOPMENT_TEAM = SS7U83UJNK;
				GENERATE_INFOPLIST_FILE = YES;
				INFOPLIST_FILE = ExDragDropCollectionView/Info.plist;
				INFOPLIST_KEY_UIApplicationSupportsIndirectInputEvents = YES;
				INFOPLIST_KEY_UILaunchStoryboardName = LaunchScreen;
				INFOPLIST_KEY_UIMainStoryboardFile = Main;
				INFOPLIST_KEY_UISupportedInterfaceOrientations_iPad = "UIInterfaceOrientationPortrait UIInterfaceOrientationPortraitUpsideDown UIInterfaceOrientationLandscapeLeft UIInterfaceOrientationLandscapeRight";
				INFOPLIST_KEY_UISupportedInterfaceOrientations_iPhone = "UIInterfaceOrientationPortrait UIInterfaceOrientationLandscapeLeft UIInterfaceOrientationLandscapeRight";
				LD_RUNPATH_SEARCH_PATHS = (
					"$(inherited)",
					"@executable_path/Frameworks",
				);
				MARKETING_VERSION = 1.0;
				PRODUCT_BUNDLE_IDENTIFIER = com.jake.ExDragDropCollectionView;
				PRODUCT_NAME = "$(TARGET_NAME)";
				SWIFT_EMIT_LOC_STRINGS = YES;
				SWIFT_VERSION = 5.0;
				TARGETED_DEVICE_FAMILY = "1,2";
			};
			name = Debug;
		};
		4A92A09B279195B4008F6642 /* Release */ = {
			isa = XCBuildConfiguration;
			baseConfigurationReference = 10E8E4ED36C8C46D9937C311 /* Pods-ExDragDropCollectionView.release.xcconfig */;
			buildSettings = {
				ASSETCATALOG_COMPILER_APPICON_NAME = AppIcon;
				ASSETCATALOG_COMPILER_GLOBAL_ACCENT_COLOR_NAME = AccentColor;
				CODE_SIGN_STYLE = Automatic;
				CURRENT_PROJECT_VERSION = 1;
				DEVELOPMENT_TEAM = SS7U83UJNK;
				GENERATE_INFOPLIST_FILE = YES;
				INFOPLIST_FILE = ExDragDropCollectionView/Info.plist;
				INFOPLIST_KEY_UIApplicationSupportsIndirectInputEvents = YES;
				INFOPLIST_KEY_UILaunchStoryboardName = LaunchScreen;
				INFOPLIST_KEY_UIMainStoryboardFile = Main;
				INFOPLIST_KEY_UISupportedInterfaceOrientations_iPad = "UIInterfaceOrientationPortrait UIInterfaceOrientationPortraitUpsideDown UIInterfaceOrientationLandscapeLeft UIInterfaceOrientationLandscapeRight";
				INFOPLIST_KEY_UISupportedInterfaceOrientations_iPhone = "UIInterfaceOrientationPortrait UIInterfaceOrientationLandscapeLeft UIInterfaceOrientationLandscapeRight";
				LD_RUNPATH_SEARCH_PATHS = (
					"$(inherited)",
					"@executable_path/Frameworks",
				);
				MARKETING_VERSION = 1.0;
				PRODUCT_BUNDLE_IDENTIFIER = com.jake.ExDragDropCollectionView;
				PRODUCT_NAME = "$(TARGET_NAME)";
				SWIFT_EMIT_LOC_STRINGS = YES;
				SWIFT_VERSION = 5.0;
				TARGETED_DEVICE_FAMILY = "1,2";
			};
			name = Release;
		};
/* End XCBuildConfiguration section */

/* Begin XCConfigurationList section */
		4A92A080279195B3008F6642 /* Build configuration list for PBXProject "ExDragDropCollectionView" */ = {
			isa = XCConfigurationList;
			buildConfigurations = (
				4A92A097279195B4008F6642 /* Debug */,
				4A92A098279195B4008F6642 /* Release */,
			);
			defaultConfigurationIsVisible = 0;
			defaultConfigurationName = Release;
		};
		4A92A099279195B4008F6642 /* Build configuration list for PBXNativeTarget "ExDragDropCollectionView" */ = {
			isa = XCConfigurationList;
			buildConfigurations = (
				4A92A09A279195B4008F6642 /* Debug */,
				4A92A09B279195B4008F6642 /* Release */,
			);
			defaultConfigurationIsVisible = 0;
			defaultConfigurationName = Release;
		};
/* End XCConfigurationList section */
	};
	rootObject = 4A92A07D279195B3008F6642 /* Project object */;
}
